// !$*UTF8*$!
{
	archiveVersion = 1;
	classes = {
	};
	objectVersion = 56;
	objects = {

/* Begin PBXBuildFile section */
		9D2732FF2C13290600C67414 /* main.swift in Sources */ = {isa = PBXBuildFile; fileRef = 9D2732FE2C13290600C67414 /* main.swift */; };
		9D3E48612B388388002A3037 /* main.swift in Sources */ = {isa = PBXBuildFile; fileRef = 9D3E48602B388388002A3037 /* main.swift */; };
		9DB3ED772C13E52D00C9A8BD /* main.swift in Sources */ = {isa = PBXBuildFile; fileRef = 9DB3ED762C13E52D00C9A8BD /* main.swift */; };
		9DC0B0E32B1CA20A00761575 /* main.swift in Sources */ = {isa = PBXBuildFile; fileRef = 9DC0B0E22B1CA20A00761575 /* main.swift */; };
		9DC0B0EE2B1F41AD00761575 /* main.swift in Sources */ = {isa = PBXBuildFile; fileRef = 9DC0B0ED2B1F41AD00761575 /* main.swift */; };
		9DC0B0F92B1F528D00761575 /* main.swift in Sources */ = {isa = PBXBuildFile; fileRef = 9DC0B0F82B1F528D00761575 /* main.swift */; };
		9DC0B1042B209F8200761575 /* main.swift in Sources */ = {isa = PBXBuildFile; fileRef = 9DC0B1032B209F8200761575 /* main.swift */; };
		9DD4EBF02B162D52009C4CBC /* main.swift in Sources */ = {isa = PBXBuildFile; fileRef = 9DD4EBEF2B162D52009C4CBC /* main.swift */; };
		9DD4EBFD2B162E9A009C4CBC /* main.swift in Sources */ = {isa = PBXBuildFile; fileRef = 9DD4EBFC2B162E9A009C4CBC /* main.swift */; };
		9DEB5B9A2B29EE86004BFA0F /* main.swift in Sources */ = {isa = PBXBuildFile; fileRef = 9DEB5B992B29EE86004BFA0F /* main.swift */; };
		9DF135542B25F5F20023E0A0 /* main.swift in Sources */ = {isa = PBXBuildFile; fileRef = 9DF135532B25F5F20023E0A0 /* main.swift */; };
		9DF1355F2B2894BC0023E0A0 /* main.swift in Sources */ = {isa = PBXBuildFile; fileRef = 9DF1355E2B2894BC0023E0A0 /* main.swift */; };
		9DFB4E562B29F4D8009A2F42 /* main.swift in Sources */ = {isa = PBXBuildFile; fileRef = 9DFB4E552B29F4D8009A2F42 /* main.swift */; };
		9DFB4E612B2B1C31009A2F42 /* main.swift in Sources */ = {isa = PBXBuildFile; fileRef = 9DFB4E602B2B1C31009A2F42 /* main.swift */; };
		9DFDCC3B2B307BC900367230 /* main.swift in Sources */ = {isa = PBXBuildFile; fileRef = 9DFDCC3A2B307BC900367230 /* main.swift */; };
		9DFDCC462B307F6500367230 /* main.swift in Sources */ = {isa = PBXBuildFile; fileRef = 9DFDCC452B307F6500367230 /* main.swift */; };
/* End PBXBuildFile section */

/* Begin PBXCopyFilesBuildPhase section */
		9D2732FA2C13290600C67414 /* CopyFiles */ = {
			isa = PBXCopyFilesBuildPhase;
			buildActionMask = 2147483647;
			dstPath = /usr/share/man/man1/;
			dstSubfolderSpec = 0;
			files = (
			);
			runOnlyForDeploymentPostprocessing = 1;
		};
		9D3E485C2B388388002A3037 /* CopyFiles */ = {
			isa = PBXCopyFilesBuildPhase;
			buildActionMask = 2147483647;
			dstPath = /usr/share/man/man1/;
			dstSubfolderSpec = 0;
			files = (
			);
			runOnlyForDeploymentPostprocessing = 1;
		};
		9DB3ED722C13E52D00C9A8BD /* CopyFiles */ = {
			isa = PBXCopyFilesBuildPhase;
			buildActionMask = 2147483647;
			dstPath = /usr/share/man/man1/;
			dstSubfolderSpec = 0;
			files = (
			);
			runOnlyForDeploymentPostprocessing = 1;
		};
		9DC0B0DE2B1CA20A00761575 /* CopyFiles */ = {
			isa = PBXCopyFilesBuildPhase;
			buildActionMask = 2147483647;
			dstPath = /usr/share/man/man1/;
			dstSubfolderSpec = 0;
			files = (
			);
			runOnlyForDeploymentPostprocessing = 1;
		};
		9DC0B0E92B1F41AD00761575 /* CopyFiles */ = {
			isa = PBXCopyFilesBuildPhase;
			buildActionMask = 2147483647;
			dstPath = /usr/share/man/man1/;
			dstSubfolderSpec = 0;
			files = (
			);
			runOnlyForDeploymentPostprocessing = 1;
		};
		9DC0B0F42B1F528D00761575 /* CopyFiles */ = {
			isa = PBXCopyFilesBuildPhase;
			buildActionMask = 2147483647;
			dstPath = /usr/share/man/man1/;
			dstSubfolderSpec = 0;
			files = (
			);
			runOnlyForDeploymentPostprocessing = 1;
		};
		9DC0B0FF2B209F8200761575 /* CopyFiles */ = {
			isa = PBXCopyFilesBuildPhase;
			buildActionMask = 2147483647;
			dstPath = /usr/share/man/man1/;
			dstSubfolderSpec = 0;
			files = (
			);
			runOnlyForDeploymentPostprocessing = 1;
		};
		9DD4EBEA2B162D52009C4CBC /* CopyFiles */ = {
			isa = PBXCopyFilesBuildPhase;
			buildActionMask = 2147483647;
			dstPath = /usr/share/man/man1/;
			dstSubfolderSpec = 0;
			files = (
			);
			runOnlyForDeploymentPostprocessing = 1;
		};
		9DD4EBF82B162E9A009C4CBC /* CopyFiles */ = {
			isa = PBXCopyFilesBuildPhase;
			buildActionMask = 2147483647;
			dstPath = /usr/share/man/man1/;
			dstSubfolderSpec = 0;
			files = (
			);
			runOnlyForDeploymentPostprocessing = 1;
		};
		9DEB5B952B29EE86004BFA0F /* CopyFiles */ = {
			isa = PBXCopyFilesBuildPhase;
			buildActionMask = 2147483647;
			dstPath = /usr/share/man/man1/;
			dstSubfolderSpec = 0;
			files = (
			);
			runOnlyForDeploymentPostprocessing = 1;
		};
		9DF1354F2B25F5F20023E0A0 /* CopyFiles */ = {
			isa = PBXCopyFilesBuildPhase;
			buildActionMask = 2147483647;
			dstPath = /usr/share/man/man1/;
			dstSubfolderSpec = 0;
			files = (
			);
			runOnlyForDeploymentPostprocessing = 1;
		};
		9DF1355A2B2894BC0023E0A0 /* CopyFiles */ = {
			isa = PBXCopyFilesBuildPhase;
			buildActionMask = 2147483647;
			dstPath = /usr/share/man/man1/;
			dstSubfolderSpec = 0;
			files = (
			);
			runOnlyForDeploymentPostprocessing = 1;
		};
		9DFB4E512B29F4D8009A2F42 /* CopyFiles */ = {
			isa = PBXCopyFilesBuildPhase;
			buildActionMask = 2147483647;
			dstPath = /usr/share/man/man1/;
			dstSubfolderSpec = 0;
			files = (
			);
			runOnlyForDeploymentPostprocessing = 1;
		};
		9DFB4E5C2B2B1C31009A2F42 /* CopyFiles */ = {
			isa = PBXCopyFilesBuildPhase;
			buildActionMask = 2147483647;
			dstPath = /usr/share/man/man1/;
			dstSubfolderSpec = 0;
			files = (
			);
			runOnlyForDeploymentPostprocessing = 1;
		};
		9DFDCC362B307BC900367230 /* CopyFiles */ = {
			isa = PBXCopyFilesBuildPhase;
			buildActionMask = 2147483647;
			dstPath = /usr/share/man/man1/;
			dstSubfolderSpec = 0;
			files = (
			);
			runOnlyForDeploymentPostprocessing = 1;
		};
		9DFDCC412B307F6500367230 /* CopyFiles */ = {
			isa = PBXCopyFilesBuildPhase;
			buildActionMask = 2147483647;
			dstPath = /usr/share/man/man1/;
			dstSubfolderSpec = 0;
			files = (
			);
			runOnlyForDeploymentPostprocessing = 1;
		};
/* End PBXCopyFilesBuildPhase section */

/* Begin PBXFileReference section */
		9D2732FC2C13290600C67414 /* no21921 */ = {isa = PBXFileReference; explicitFileType = "compiled.mach-o.executable"; includeInIndex = 0; path = no21921; sourceTree = BUILT_PRODUCTS_DIR; };
		9D2732FE2C13290600C67414 /* main.swift */ = {isa = PBXFileReference; lastKnownFileType = sourcecode.swift; path = main.swift; sourceTree = "<group>"; };
		9D3E485E2B388388002A3037 /* no10211 */ = {isa = PBXFileReference; explicitFileType = "compiled.mach-o.executable"; includeInIndex = 0; path = no10211; sourceTree = BUILT_PRODUCTS_DIR; };
		9D3E48602B388388002A3037 /* main.swift */ = {isa = PBXFileReference; lastKnownFileType = sourcecode.swift; path = main.swift; sourceTree = "<group>"; };
		9DB3ED742C13E52D00C9A8BD /* no17425 */ = {isa = PBXFileReference; explicitFileType = "compiled.mach-o.executable"; includeInIndex = 0; path = no17425; sourceTree = BUILT_PRODUCTS_DIR; };
		9DB3ED762C13E52D00C9A8BD /* main.swift */ = {isa = PBXFileReference; lastKnownFileType = sourcecode.swift; path = main.swift; sourceTree = "<group>"; };
		9DC0B0E02B1CA20A00761575 /* no11660 */ = {isa = PBXFileReference; explicitFileType = "compiled.mach-o.executable"; includeInIndex = 0; path = no11660; sourceTree = BUILT_PRODUCTS_DIR; };
		9DC0B0E22B1CA20A00761575 /* main.swift */ = {isa = PBXFileReference; lastKnownFileType = sourcecode.swift; path = main.swift; sourceTree = "<group>"; };
		9DC0B0EB2B1F41AD00761575 /* no2003 */ = {isa = PBXFileReference; explicitFileType = "compiled.mach-o.executable"; includeInIndex = 0; path = no2003; sourceTree = BUILT_PRODUCTS_DIR; };
		9DC0B0ED2B1F41AD00761575 /* main.swift */ = {isa = PBXFileReference; lastKnownFileType = sourcecode.swift; path = main.swift; sourceTree = "<group>"; };
		9DC0B0F62B1F528D00761575 /* no2559 */ = {isa = PBXFileReference; explicitFileType = "compiled.mach-o.executable"; includeInIndex = 0; path = no2559; sourceTree = BUILT_PRODUCTS_DIR; };
		9DC0B0F82B1F528D00761575 /* main.swift */ = {isa = PBXFileReference; lastKnownFileType = sourcecode.swift; path = main.swift; sourceTree = "<group>"; };
		9DC0B1012B209F8200761575 /* no1806 */ = {isa = PBXFileReference; explicitFileType = "compiled.mach-o.executable"; includeInIndex = 0; path = no1806; sourceTree = BUILT_PRODUCTS_DIR; };
		9DC0B1032B209F8200761575 /* main.swift */ = {isa = PBXFileReference; lastKnownFileType = sourcecode.swift; path = main.swift; sourceTree = "<group>"; };
		9DD4EBEC2B162D52009C4CBC /* baekjoon */ = {isa = PBXFileReference; explicitFileType = "compiled.mach-o.executable"; includeInIndex = 0; path = baekjoon; sourceTree = BUILT_PRODUCTS_DIR; };
		9DD4EBEF2B162D52009C4CBC /* main.swift */ = {isa = PBXFileReference; lastKnownFileType = sourcecode.swift; path = main.swift; sourceTree = "<group>"; };
		9DD4EBFA2B162E9A009C4CBC /* readLineMethods */ = {isa = PBXFileReference; explicitFileType = "compiled.mach-o.executable"; includeInIndex = 0; path = readLineMethods; sourceTree = BUILT_PRODUCTS_DIR; };
		9DD4EBFC2B162E9A009C4CBC /* main.swift */ = {isa = PBXFileReference; lastKnownFileType = sourcecode.swift; path = main.swift; sourceTree = "<group>"; };
		9DEB5B972B29EE86004BFA0F /* no2851 */ = {isa = PBXFileReference; explicitFileType = "compiled.mach-o.executable"; includeInIndex = 0; path = no2851; sourceTree = BUILT_PRODUCTS_DIR; };
		9DEB5B992B29EE86004BFA0F /* main.swift */ = {isa = PBXFileReference; lastKnownFileType = sourcecode.swift; path = main.swift; sourceTree = "<group>"; };
		9DF135512B25F5F20023E0A0 /* no2167 */ = {isa = PBXFileReference; explicitFileType = "compiled.mach-o.executable"; includeInIndex = 0; path = no2167; sourceTree = BUILT_PRODUCTS_DIR; };
		9DF135532B25F5F20023E0A0 /* main.swift */ = {isa = PBXFileReference; lastKnownFileType = sourcecode.swift; path = main.swift; sourceTree = "<group>"; };
		9DF1355C2B2894BC0023E0A0 /* no10986 */ = {isa = PBXFileReference; explicitFileType = "compiled.mach-o.executable"; includeInIndex = 0; path = no10986; sourceTree = BUILT_PRODUCTS_DIR; };
		9DF1355E2B2894BC0023E0A0 /* main.swift */ = {isa = PBXFileReference; lastKnownFileType = sourcecode.swift; path = main.swift; sourceTree = "<group>"; };
		9DFB4E532B29F4D8009A2F42 /* no2143 */ = {isa = PBXFileReference; explicitFileType = "compiled.mach-o.executable"; includeInIndex = 0; path = no2143; sourceTree = BUILT_PRODUCTS_DIR; };
		9DFB4E552B29F4D8009A2F42 /* main.swift */ = {isa = PBXFileReference; lastKnownFileType = sourcecode.swift; path = main.swift; sourceTree = "<group>"; };
		9DFB4E5E2B2B1C31009A2F42 /* no3020 */ = {isa = PBXFileReference; explicitFileType = "compiled.mach-o.executable"; includeInIndex = 0; path = no3020; sourceTree = BUILT_PRODUCTS_DIR; };
		9DFB4E602B2B1C31009A2F42 /* main.swift */ = {isa = PBXFileReference; lastKnownFileType = sourcecode.swift; path = main.swift; sourceTree = "<group>"; };
		9DFDCC382B307BC900367230 /* no11441 */ = {isa = PBXFileReference; explicitFileType = "compiled.mach-o.executable"; includeInIndex = 0; path = no11441; sourceTree = BUILT_PRODUCTS_DIR; };
		9DFDCC3A2B307BC900367230 /* main.swift */ = {isa = PBXFileReference; lastKnownFileType = sourcecode.swift; path = main.swift; sourceTree = "<group>"; };
		9DFDCC432B307F6500367230 /* no16139 */ = {isa = PBXFileReference; explicitFileType = "compiled.mach-o.executable"; includeInIndex = 0; path = no16139; sourceTree = BUILT_PRODUCTS_DIR; };
		9DFDCC452B307F6500367230 /* main.swift */ = {isa = PBXFileReference; lastKnownFileType = sourcecode.swift; path = main.swift; sourceTree = "<group>"; };
/* End PBXFileReference section */

/* Begin PBXFrameworksBuildPhase section */
		9D2732F92C13290600C67414 /* Frameworks */ = {
			isa = PBXFrameworksBuildPhase;
			buildActionMask = 2147483647;
			files = (
			);
			runOnlyForDeploymentPostprocessing = 0;
		};
		9D3E485B2B388388002A3037 /* Frameworks */ = {
			isa = PBXFrameworksBuildPhase;
			buildActionMask = 2147483647;
			files = (
			);
			runOnlyForDeploymentPostprocessing = 0;
		};
		9DB3ED712C13E52D00C9A8BD /* Frameworks */ = {
			isa = PBXFrameworksBuildPhase;
			buildActionMask = 2147483647;
			files = (
			);
			runOnlyForDeploymentPostprocessing = 0;
		};
		9DC0B0DD2B1CA20A00761575 /* Frameworks */ = {
			isa = PBXFrameworksBuildPhase;
			buildActionMask = 2147483647;
			files = (
			);
			runOnlyForDeploymentPostprocessing = 0;
		};
		9DC0B0E82B1F41AD00761575 /* Frameworks */ = {
			isa = PBXFrameworksBuildPhase;
			buildActionMask = 2147483647;
			files = (
			);
			runOnlyForDeploymentPostprocessing = 0;
		};
		9DC0B0F32B1F528D00761575 /* Frameworks */ = {
			isa = PBXFrameworksBuildPhase;
			buildActionMask = 2147483647;
			files = (
			);
			runOnlyForDeploymentPostprocessing = 0;
		};
		9DC0B0FE2B209F8200761575 /* Frameworks */ = {
			isa = PBXFrameworksBuildPhase;
			buildActionMask = 2147483647;
			files = (
			);
			runOnlyForDeploymentPostprocessing = 0;
		};
		9DD4EBE92B162D52009C4CBC /* Frameworks */ = {
			isa = PBXFrameworksBuildPhase;
			buildActionMask = 2147483647;
			files = (
			);
			runOnlyForDeploymentPostprocessing = 0;
		};
		9DD4EBF72B162E9A009C4CBC /* Frameworks */ = {
			isa = PBXFrameworksBuildPhase;
			buildActionMask = 2147483647;
			files = (
			);
			runOnlyForDeploymentPostprocessing = 0;
		};
		9DEB5B942B29EE86004BFA0F /* Frameworks */ = {
			isa = PBXFrameworksBuildPhase;
			buildActionMask = 2147483647;
			files = (
			);
			runOnlyForDeploymentPostprocessing = 0;
		};
		9DF1354E2B25F5F20023E0A0 /* Frameworks */ = {
			isa = PBXFrameworksBuildPhase;
			buildActionMask = 2147483647;
			files = (
			);
			runOnlyForDeploymentPostprocessing = 0;
		};
		9DF135592B2894BC0023E0A0 /* Frameworks */ = {
			isa = PBXFrameworksBuildPhase;
			buildActionMask = 2147483647;
			files = (
			);
			runOnlyForDeploymentPostprocessing = 0;
		};
		9DFB4E502B29F4D8009A2F42 /* Frameworks */ = {
			isa = PBXFrameworksBuildPhase;
			buildActionMask = 2147483647;
			files = (
			);
			runOnlyForDeploymentPostprocessing = 0;
		};
		9DFB4E5B2B2B1C31009A2F42 /* Frameworks */ = {
			isa = PBXFrameworksBuildPhase;
			buildActionMask = 2147483647;
			files = (
			);
			runOnlyForDeploymentPostprocessing = 0;
		};
		9DFDCC352B307BC900367230 /* Frameworks */ = {
			isa = PBXFrameworksBuildPhase;
			buildActionMask = 2147483647;
			files = (
			);
			runOnlyForDeploymentPostprocessing = 0;
		};
		9DFDCC402B307F6500367230 /* Frameworks */ = {
			isa = PBXFrameworksBuildPhase;
			buildActionMask = 2147483647;
			files = (
			);
			runOnlyForDeploymentPostprocessing = 0;
		};
/* End PBXFrameworksBuildPhase section */

/* Begin PBXGroup section */
		9D2732FD2C13290600C67414 /* no21921 */ = {
			isa = PBXGroup;
			children = (
				9D2732FE2C13290600C67414 /* main.swift */,
			);
			path = no21921;
			sourceTree = "<group>";
		};
		9D3E485F2B388388002A3037 /* no10211 */ = {
			isa = PBXGroup;
			children = (
				9D3E48602B388388002A3037 /* main.swift */,
			);
			path = no10211;
			sourceTree = "<group>";
		};
		9DB3ED752C13E52D00C9A8BD /* no17425 */ = {
			isa = PBXGroup;
			children = (
				9DB3ED762C13E52D00C9A8BD /* main.swift */,
			);
			path = no17425;
			sourceTree = "<group>";
		};
		9DC0B0E12B1CA20A00761575 /* no11660 */ = {
			isa = PBXGroup;
			children = (
				9DC0B0E22B1CA20A00761575 /* main.swift */,
			);
			path = no11660;
			sourceTree = "<group>";
		};
		9DC0B0EC2B1F41AD00761575 /* no2003 */ = {
			isa = PBXGroup;
			children = (
				9DC0B0ED2B1F41AD00761575 /* main.swift */,
			);
			path = no2003;
			sourceTree = "<group>";
		};
		9DC0B0F72B1F528D00761575 /* no2559 */ = {
			isa = PBXGroup;
			children = (
				9DC0B0F82B1F528D00761575 /* main.swift */,
			);
			path = no2559;
			sourceTree = "<group>";
		};
		9DC0B1022B209F8200761575 /* no1806 */ = {
			isa = PBXGroup;
			children = (
				9DC0B1032B209F8200761575 /* main.swift */,
			);
			path = no1806;
			sourceTree = "<group>";
		};
		9DD4EBE32B162D52009C4CBC = {
			isa = PBXGroup;
			children = (
				9DD4EBEE2B162D52009C4CBC /* baekjoon */,
				9DD4EBFB2B162E9A009C4CBC /* readLineMethods */,
				9DC0B0E12B1CA20A00761575 /* no11660 */,
				9DC0B0EC2B1F41AD00761575 /* no2003 */,
				9DC0B0F72B1F528D00761575 /* no2559 */,
				9DC0B1022B209F8200761575 /* no1806 */,
				9DF135522B25F5F20023E0A0 /* no2167 */,
				9DF1355D2B2894BC0023E0A0 /* no10986 */,
				9DEB5B982B29EE86004BFA0F /* no2851 */,
				9DFB4E542B29F4D8009A2F42 /* no2143 */,
				9DFB4E5F2B2B1C31009A2F42 /* no3020 */,
				9DFDCC392B307BC900367230 /* no11441 */,
				9DFDCC442B307F6500367230 /* no16139 */,
				9D3E485F2B388388002A3037 /* no10211 */,
				9D2732FD2C13290600C67414 /* no21921 */,
				9DB3ED752C13E52D00C9A8BD /* no17425 */,
				9DD4EBED2B162D52009C4CBC /* Products */,
			);
			sourceTree = "<group>";
		};
		9DD4EBED2B162D52009C4CBC /* Products */ = {
			isa = PBXGroup;
			children = (
				9DD4EBEC2B162D52009C4CBC /* baekjoon */,
				9DD4EBFA2B162E9A009C4CBC /* readLineMethods */,
				9DC0B0E02B1CA20A00761575 /* no11660 */,
				9DC0B0EB2B1F41AD00761575 /* no2003 */,
				9DC0B0F62B1F528D00761575 /* no2559 */,
				9DC0B1012B209F8200761575 /* no1806 */,
				9DF135512B25F5F20023E0A0 /* no2167 */,
				9DF1355C2B2894BC0023E0A0 /* no10986 */,
				9DEB5B972B29EE86004BFA0F /* no2851 */,
				9DFB4E532B29F4D8009A2F42 /* no2143 */,
				9DFB4E5E2B2B1C31009A2F42 /* no3020 */,
				9DFDCC382B307BC900367230 /* no11441 */,
				9DFDCC432B307F6500367230 /* no16139 */,
				9D3E485E2B388388002A3037 /* no10211 */,
				9D2732FC2C13290600C67414 /* no21921 */,
				9DB3ED742C13E52D00C9A8BD /* no17425 */,
			);
			name = Products;
			sourceTree = "<group>";
		};
		9DD4EBEE2B162D52009C4CBC /* baekjoon */ = {
			isa = PBXGroup;
			children = (
				9DD4EBEF2B162D52009C4CBC /* main.swift */,
			);
			path = baekjoon;
			sourceTree = "<group>";
		};
		9DD4EBFB2B162E9A009C4CBC /* readLineMethods */ = {
			isa = PBXGroup;
			children = (
				9DD4EBFC2B162E9A009C4CBC /* main.swift */,
			);
			path = readLineMethods;
			sourceTree = "<group>";
		};
		9DEB5B982B29EE86004BFA0F /* no2851 */ = {
			isa = PBXGroup;
			children = (
				9DEB5B992B29EE86004BFA0F /* main.swift */,
			);
			path = no2851;
			sourceTree = "<group>";
		};
		9DF135522B25F5F20023E0A0 /* no2167 */ = {
			isa = PBXGroup;
			children = (
				9DF135532B25F5F20023E0A0 /* main.swift */,
			);
			path = no2167;
			sourceTree = "<group>";
		};
		9DF1355D2B2894BC0023E0A0 /* no10986 */ = {
			isa = PBXGroup;
			children = (
				9DF1355E2B2894BC0023E0A0 /* main.swift */,
			);
			path = no10986;
			sourceTree = "<group>";
		};
		9DFB4E542B29F4D8009A2F42 /* no2143 */ = {
			isa = PBXGroup;
			children = (
				9DFB4E552B29F4D8009A2F42 /* main.swift */,
			);
			path = no2143;
			sourceTree = "<group>";
		};
		9DFB4E5F2B2B1C31009A2F42 /* no3020 */ = {
			isa = PBXGroup;
			children = (
				9DFB4E602B2B1C31009A2F42 /* main.swift */,
			);
			path = no3020;
			sourceTree = "<group>";
		};
		9DFDCC392B307BC900367230 /* no11441 */ = {
			isa = PBXGroup;
			children = (
				9DFDCC3A2B307BC900367230 /* main.swift */,
			);
			path = no11441;
			sourceTree = "<group>";
		};
		9DFDCC442B307F6500367230 /* no16139 */ = {
			isa = PBXGroup;
			children = (
				9DFDCC452B307F6500367230 /* main.swift */,
			);
			path = no16139;
			sourceTree = "<group>";
		};
/* End PBXGroup section */

/* Begin PBXNativeTarget section */
		9D2732FB2C13290600C67414 /* no21921 */ = {
			isa = PBXNativeTarget;
			buildConfigurationList = 9D2733002C13290600C67414 /* Build configuration list for PBXNativeTarget "no21921" */;
			buildPhases = (
				9D2732F82C13290600C67414 /* Sources */,
				9D2732F92C13290600C67414 /* Frameworks */,
				9D2732FA2C13290600C67414 /* CopyFiles */,
			);
			buildRules = (
			);
			dependencies = (
			);
			name = no21921;
			productName = no21921;
			productReference = 9D2732FC2C13290600C67414 /* no21921 */;
			productType = "com.apple.product-type.tool";
		};
		9D3E485D2B388388002A3037 /* no10211 */ = {
			isa = PBXNativeTarget;
			buildConfigurationList = 9D3E48642B388388002A3037 /* Build configuration list for PBXNativeTarget "no10211" */;
			buildPhases = (
				9D3E485A2B388388002A3037 /* Sources */,
				9D3E485B2B388388002A3037 /* Frameworks */,
				9D3E485C2B388388002A3037 /* CopyFiles */,
			);
			buildRules = (
			);
			dependencies = (
			);
			name = no10211;
			productName = no10211;
			productReference = 9D3E485E2B388388002A3037 /* no10211 */;
			productType = "com.apple.product-type.tool";
		};
		9DB3ED732C13E52D00C9A8BD /* no17425 */ = {
			isa = PBXNativeTarget;
			buildConfigurationList = 9DB3ED7A2C13E52D00C9A8BD /* Build configuration list for PBXNativeTarget "no17425" */;
			buildPhases = (
				9DB3ED702C13E52D00C9A8BD /* Sources */,
				9DB3ED712C13E52D00C9A8BD /* Frameworks */,
				9DB3ED722C13E52D00C9A8BD /* CopyFiles */,
			);
			buildRules = (
			);
			dependencies = (
			);
			name = no17425;
			productName = no17425;
			productReference = 9DB3ED742C13E52D00C9A8BD /* no17425 */;
			productType = "com.apple.product-type.tool";
		};
		9DC0B0DF2B1CA20A00761575 /* no11660 */ = {
			isa = PBXNativeTarget;
			buildConfigurationList = 9DC0B0E42B1CA20A00761575 /* Build configuration list for PBXNativeTarget "no11660" */;
			buildPhases = (
				9DC0B0DC2B1CA20A00761575 /* Sources */,
				9DC0B0DD2B1CA20A00761575 /* Frameworks */,
				9DC0B0DE2B1CA20A00761575 /* CopyFiles */,
			);
			buildRules = (
			);
			dependencies = (
			);
			name = no11660;
			productName = no11660;
			productReference = 9DC0B0E02B1CA20A00761575 /* no11660 */;
			productType = "com.apple.product-type.tool";
		};
		9DC0B0EA2B1F41AD00761575 /* no2003 */ = {
			isa = PBXNativeTarget;
			buildConfigurationList = 9DC0B0F12B1F41AD00761575 /* Build configuration list for PBXNativeTarget "no2003" */;
			buildPhases = (
				9DC0B0E72B1F41AD00761575 /* Sources */,
				9DC0B0E82B1F41AD00761575 /* Frameworks */,
				9DC0B0E92B1F41AD00761575 /* CopyFiles */,
			);
			buildRules = (
			);
			dependencies = (
			);
			name = no2003;
			productName = no2003;
			productReference = 9DC0B0EB2B1F41AD00761575 /* no2003 */;
			productType = "com.apple.product-type.tool";
		};
		9DC0B0F52B1F528D00761575 /* no2559 */ = {
			isa = PBXNativeTarget;
			buildConfigurationList = 9DC0B0FA2B1F528D00761575 /* Build configuration list for PBXNativeTarget "no2559" */;
			buildPhases = (
				9DC0B0F22B1F528D00761575 /* Sources */,
				9DC0B0F32B1F528D00761575 /* Frameworks */,
				9DC0B0F42B1F528D00761575 /* CopyFiles */,
			);
			buildRules = (
			);
			dependencies = (
			);
			name = no2559;
			productName = no2559;
			productReference = 9DC0B0F62B1F528D00761575 /* no2559 */;
			productType = "com.apple.product-type.tool";
		};
		9DC0B1002B209F8200761575 /* no1806 */ = {
			isa = PBXNativeTarget;
			buildConfigurationList = 9DC0B1072B209F8200761575 /* Build configuration list for PBXNativeTarget "no1806" */;
			buildPhases = (
				9DC0B0FD2B209F8200761575 /* Sources */,
				9DC0B0FE2B209F8200761575 /* Frameworks */,
				9DC0B0FF2B209F8200761575 /* CopyFiles */,
			);
			buildRules = (
			);
			dependencies = (
			);
			name = no1806;
			productName = no1806;
			productReference = 9DC0B1012B209F8200761575 /* no1806 */;
			productType = "com.apple.product-type.tool";
		};
		9DD4EBEB2B162D52009C4CBC /* baekjoon */ = {
			isa = PBXNativeTarget;
			buildConfigurationList = 9DD4EBF32B162D52009C4CBC /* Build configuration list for PBXNativeTarget "baekjoon" */;
			buildPhases = (
				9DD4EBE82B162D52009C4CBC /* Sources */,
				9DD4EBE92B162D52009C4CBC /* Frameworks */,
				9DD4EBEA2B162D52009C4CBC /* CopyFiles */,
			);
			buildRules = (
			);
			dependencies = (
			);
			name = baekjoon;
			productName = baekjoon;
			productReference = 9DD4EBEC2B162D52009C4CBC /* baekjoon */;
			productType = "com.apple.product-type.tool";
		};
		9DD4EBF92B162E9A009C4CBC /* readLineMethods */ = {
			isa = PBXNativeTarget;
			buildConfigurationList = 9DD4EBFE2B162E9A009C4CBC /* Build configuration list for PBXNativeTarget "readLineMethods" */;
			buildPhases = (
				9DD4EBF62B162E9A009C4CBC /* Sources */,
				9DD4EBF72B162E9A009C4CBC /* Frameworks */,
				9DD4EBF82B162E9A009C4CBC /* CopyFiles */,
			);
			buildRules = (
			);
			dependencies = (
			);
			name = readLineMethods;
			productName = no11660;
			productReference = 9DD4EBFA2B162E9A009C4CBC /* readLineMethods */;
			productType = "com.apple.product-type.tool";
		};
		9DEB5B962B29EE86004BFA0F /* no2851 */ = {
			isa = PBXNativeTarget;
			buildConfigurationList = 9DEB5B9D2B29EE86004BFA0F /* Build configuration list for PBXNativeTarget "no2851" */;
			buildPhases = (
				9DEB5B932B29EE86004BFA0F /* Sources */,
				9DEB5B942B29EE86004BFA0F /* Frameworks */,
				9DEB5B952B29EE86004BFA0F /* CopyFiles */,
			);
			buildRules = (
			);
			dependencies = (
			);
			name = no2851;
			productName = no2851;
			productReference = 9DEB5B972B29EE86004BFA0F /* no2851 */;
			productType = "com.apple.product-type.tool";
		};
		9DF135502B25F5F20023E0A0 /* no2167 */ = {
			isa = PBXNativeTarget;
			buildConfigurationList = 9DF135572B25F5F20023E0A0 /* Build configuration list for PBXNativeTarget "no2167" */;
			buildPhases = (
				9DF1354D2B25F5F20023E0A0 /* Sources */,
				9DF1354E2B25F5F20023E0A0 /* Frameworks */,
				9DF1354F2B25F5F20023E0A0 /* CopyFiles */,
			);
			buildRules = (
			);
			dependencies = (
			);
			name = no2167;
			productName = no2167;
			productReference = 9DF135512B25F5F20023E0A0 /* no2167 */;
			productType = "com.apple.product-type.tool";
		};
		9DF1355B2B2894BC0023E0A0 /* no10986 */ = {
			isa = PBXNativeTarget;
			buildConfigurationList = 9DF135622B2894BC0023E0A0 /* Build configuration list for PBXNativeTarget "no10986" */;
			buildPhases = (
				9DF135582B2894BC0023E0A0 /* Sources */,
				9DF135592B2894BC0023E0A0 /* Frameworks */,
				9DF1355A2B2894BC0023E0A0 /* CopyFiles */,
			);
			buildRules = (
			);
			dependencies = (
			);
			name = no10986;
			productName = no10986;
			productReference = 9DF1355C2B2894BC0023E0A0 /* no10986 */;
			productType = "com.apple.product-type.tool";
		};
		9DFB4E522B29F4D8009A2F42 /* no2143 */ = {
			isa = PBXNativeTarget;
			buildConfigurationList = 9DFB4E592B29F4D8009A2F42 /* Build configuration list for PBXNativeTarget "no2143" */;
			buildPhases = (
				9DFB4E4F2B29F4D8009A2F42 /* Sources */,
				9DFB4E502B29F4D8009A2F42 /* Frameworks */,
				9DFB4E512B29F4D8009A2F42 /* CopyFiles */,
			);
			buildRules = (
			);
			dependencies = (
			);
			name = no2143;
			productName = no2143;
			productReference = 9DFB4E532B29F4D8009A2F42 /* no2143 */;
			productType = "com.apple.product-type.tool";
		};
		9DFB4E5D2B2B1C31009A2F42 /* no3020 */ = {
			isa = PBXNativeTarget;
			buildConfigurationList = 9DFB4E642B2B1C31009A2F42 /* Build configuration list for PBXNativeTarget "no3020" */;
			buildPhases = (
				9DFB4E5A2B2B1C31009A2F42 /* Sources */,
				9DFB4E5B2B2B1C31009A2F42 /* Frameworks */,
				9DFB4E5C2B2B1C31009A2F42 /* CopyFiles */,
			);
			buildRules = (
			);
			dependencies = (
			);
			name = no3020;
			productName = no3020;
			productReference = 9DFB4E5E2B2B1C31009A2F42 /* no3020 */;
			productType = "com.apple.product-type.tool";
		};
		9DFDCC372B307BC900367230 /* no11441 */ = {
			isa = PBXNativeTarget;
			buildConfigurationList = 9DFDCC3E2B307BC900367230 /* Build configuration list for PBXNativeTarget "no11441" */;
			buildPhases = (
				9DFDCC342B307BC900367230 /* Sources */,
				9DFDCC352B307BC900367230 /* Frameworks */,
				9DFDCC362B307BC900367230 /* CopyFiles */,
			);
			buildRules = (
			);
			dependencies = (
			);
			name = no11441;
			productName = no11441;
			productReference = 9DFDCC382B307BC900367230 /* no11441 */;
			productType = "com.apple.product-type.tool";
		};
		9DFDCC422B307F6500367230 /* no16139 */ = {
			isa = PBXNativeTarget;
			buildConfigurationList = 9DFDCC472B307F6500367230 /* Build configuration list for PBXNativeTarget "no16139" */;
			buildPhases = (
				9DFDCC3F2B307F6500367230 /* Sources */,
				9DFDCC402B307F6500367230 /* Frameworks */,
				9DFDCC412B307F6500367230 /* CopyFiles */,
			);
			buildRules = (
			);
			dependencies = (
			);
			name = no16139;
			productName = no16139;
			productReference = 9DFDCC432B307F6500367230 /* no16139 */;
			productType = "com.apple.product-type.tool";
		};
/* End PBXNativeTarget section */

/* Begin PBXProject section */
		9DD4EBE42B162D52009C4CBC /* Project object */ = {
			isa = PBXProject;
			attributes = {
				BuildIndependentTargetsInParallel = 1;
				LastSwiftUpdateCheck = 1500;
				LastUpgradeCheck = 1500;
				TargetAttributes = {
					9D2732FB2C13290600C67414 = {
						CreatedOnToolsVersion = 15.0.1;
					};
					9D3E485D2B388388002A3037 = {
						CreatedOnToolsVersion = 15.0.1;
					};
					9DB3ED732C13E52D00C9A8BD = {
						CreatedOnToolsVersion = 15.0.1;
					};
					9DC0B0DF2B1CA20A00761575 = {
						CreatedOnToolsVersion = 15.0.1;
					};
					9DC0B0EA2B1F41AD00761575 = {
						CreatedOnToolsVersion = 15.0.1;
					};
					9DC0B0F52B1F528D00761575 = {
						CreatedOnToolsVersion = 15.0.1;
					};
					9DC0B1002B209F8200761575 = {
						CreatedOnToolsVersion = 15.0.1;
					};
					9DD4EBEB2B162D52009C4CBC = {
						CreatedOnToolsVersion = 15.0.1;
					};
					9DD4EBF92B162E9A009C4CBC = {
						CreatedOnToolsVersion = 15.0.1;
					};
					9DEB5B962B29EE86004BFA0F = {
						CreatedOnToolsVersion = 15.0.1;
					};
					9DF135502B25F5F20023E0A0 = {
						CreatedOnToolsVersion = 15.0.1;
					};
					9DF1355B2B2894BC0023E0A0 = {
						CreatedOnToolsVersion = 15.0.1;
					};
					9DFB4E522B29F4D8009A2F42 = {
						CreatedOnToolsVersion = 15.0.1;
					};
					9DFB4E5D2B2B1C31009A2F42 = {
						CreatedOnToolsVersion = 15.0.1;
					};
					9DFDCC372B307BC900367230 = {
						CreatedOnToolsVersion = 15.0.1;
					};
					9DFDCC422B307F6500367230 = {
						CreatedOnToolsVersion = 15.0.1;
					};
				};
			};
			buildConfigurationList = 9DD4EBE72B162D52009C4CBC /* Build configuration list for PBXProject "baekjoon" */;
			compatibilityVersion = "Xcode 14.0";
			developmentRegion = en;
			hasScannedForEncodings = 0;
			knownRegions = (
				en,
				Base,
			);
			mainGroup = 9DD4EBE32B162D52009C4CBC;
			productRefGroup = 9DD4EBED2B162D52009C4CBC /* Products */;
			projectDirPath = "";
			projectRoot = "";
			targets = (
				9DD4EBEB2B162D52009C4CBC /* baekjoon */,
				9DD4EBF92B162E9A009C4CBC /* readLineMethods */,
				9DC0B0DF2B1CA20A00761575 /* no11660 */,
				9DC0B0EA2B1F41AD00761575 /* no2003 */,
				9DC0B0F52B1F528D00761575 /* no2559 */,
				9DC0B1002B209F8200761575 /* no1806 */,
				9DF135502B25F5F20023E0A0 /* no2167 */,
				9DF1355B2B2894BC0023E0A0 /* no10986 */,
				9DEB5B962B29EE86004BFA0F /* no2851 */,
				9DFB4E522B29F4D8009A2F42 /* no2143 */,
				9DFB4E5D2B2B1C31009A2F42 /* no3020 */,
				9DFDCC372B307BC900367230 /* no11441 */,
				9DFDCC422B307F6500367230 /* no16139 */,
				9D3E485D2B388388002A3037 /* no10211 */,
				9D2732FB2C13290600C67414 /* no21921 */,
				9DB3ED732C13E52D00C9A8BD /* no17425 */,
			);
		};
/* End PBXProject section */

/* Begin PBXSourcesBuildPhase section */
		9D2732F82C13290600C67414 /* Sources */ = {
			isa = PBXSourcesBuildPhase;
			buildActionMask = 2147483647;
			files = (
				9D2732FF2C13290600C67414 /* main.swift in Sources */,
			);
			runOnlyForDeploymentPostprocessing = 0;
		};
		9D3E485A2B388388002A3037 /* Sources */ = {
			isa = PBXSourcesBuildPhase;
			buildActionMask = 2147483647;
			files = (
				9D3E48612B388388002A3037 /* main.swift in Sources */,
			);
			runOnlyForDeploymentPostprocessing = 0;
		};
		9DB3ED702C13E52D00C9A8BD /* Sources */ = {
			isa = PBXSourcesBuildPhase;
			buildActionMask = 2147483647;
			files = (
				9DB3ED772C13E52D00C9A8BD /* main.swift in Sources */,
			);
			runOnlyForDeploymentPostprocessing = 0;
		};
		9DC0B0DC2B1CA20A00761575 /* Sources */ = {
			isa = PBXSourcesBuildPhase;
			buildActionMask = 2147483647;
			files = (
				9DC0B0E32B1CA20A00761575 /* main.swift in Sources */,
			);
			runOnlyForDeploymentPostprocessing = 0;
		};
		9DC0B0E72B1F41AD00761575 /* Sources */ = {
			isa = PBXSourcesBuildPhase;
			buildActionMask = 2147483647;
			files = (
				9DC0B0EE2B1F41AD00761575 /* main.swift in Sources */,
			);
			runOnlyForDeploymentPostprocessing = 0;
		};
		9DC0B0F22B1F528D00761575 /* Sources */ = {
			isa = PBXSourcesBuildPhase;
			buildActionMask = 2147483647;
			files = (
				9DC0B0F92B1F528D00761575 /* main.swift in Sources */,
			);
			runOnlyForDeploymentPostprocessing = 0;
		};
		9DC0B0FD2B209F8200761575 /* Sources */ = {
			isa = PBXSourcesBuildPhase;
			buildActionMask = 2147483647;
			files = (
				9DC0B1042B209F8200761575 /* main.swift in Sources */,
			);
			runOnlyForDeploymentPostprocessing = 0;
		};
		9DD4EBE82B162D52009C4CBC /* Sources */ = {
			isa = PBXSourcesBuildPhase;
			buildActionMask = 2147483647;
			files = (
				9DD4EBF02B162D52009C4CBC /* main.swift in Sources */,
			);
			runOnlyForDeploymentPostprocessing = 0;
		};
		9DD4EBF62B162E9A009C4CBC /* Sources */ = {
			isa = PBXSourcesBuildPhase;
			buildActionMask = 2147483647;
			files = (
				9DD4EBFD2B162E9A009C4CBC /* main.swift in Sources */,
			);
			runOnlyForDeploymentPostprocessing = 0;
		};
		9DEB5B932B29EE86004BFA0F /* Sources */ = {
			isa = PBXSourcesBuildPhase;
			buildActionMask = 2147483647;
			files = (
				9DEB5B9A2B29EE86004BFA0F /* main.swift in Sources */,
			);
			runOnlyForDeploymentPostprocessing = 0;
		};
		9DF1354D2B25F5F20023E0A0 /* Sources */ = {
			isa = PBXSourcesBuildPhase;
			buildActionMask = 2147483647;
			files = (
				9DF135542B25F5F20023E0A0 /* main.swift in Sources */,
			);
			runOnlyForDeploymentPostprocessing = 0;
		};
		9DF135582B2894BC0023E0A0 /* Sources */ = {
			isa = PBXSourcesBuildPhase;
			buildActionMask = 2147483647;
			files = (
				9DF1355F2B2894BC0023E0A0 /* main.swift in Sources */,
			);
			runOnlyForDeploymentPostprocessing = 0;
		};
		9DFB4E4F2B29F4D8009A2F42 /* Sources */ = {
			isa = PBXSourcesBuildPhase;
			buildActionMask = 2147483647;
			files = (
				9DFB4E562B29F4D8009A2F42 /* main.swift in Sources */,
			);
			runOnlyForDeploymentPostprocessing = 0;
		};
		9DFB4E5A2B2B1C31009A2F42 /* Sources */ = {
			isa = PBXSourcesBuildPhase;
			buildActionMask = 2147483647;
			files = (
				9DFB4E612B2B1C31009A2F42 /* main.swift in Sources */,
			);
			runOnlyForDeploymentPostprocessing = 0;
		};
		9DFDCC342B307BC900367230 /* Sources */ = {
			isa = PBXSourcesBuildPhase;
			buildActionMask = 2147483647;
			files = (
				9DFDCC3B2B307BC900367230 /* main.swift in Sources */,
			);
			runOnlyForDeploymentPostprocessing = 0;
		};
		9DFDCC3F2B307F6500367230 /* Sources */ = {
			isa = PBXSourcesBuildPhase;
			buildActionMask = 2147483647;
			files = (
				9DFDCC462B307F6500367230 /* main.swift in Sources */,
			);
			runOnlyForDeploymentPostprocessing = 0;
		};
/* End PBXSourcesBuildPhase section */

/* Begin XCBuildConfiguration section */
		9D2733012C13290600C67414 /* Debug */ = {
			isa = XCBuildConfiguration;
			buildSettings = {
				CODE_SIGN_STYLE = Automatic;
				DEVELOPMENT_TEAM = D6H3TKX72M;
				ENABLE_HARDENED_RUNTIME = YES;
				PRODUCT_NAME = "$(TARGET_NAME)";
				SWIFT_VERSION = 5.0;
			};
			name = Debug;
		};
		9D2733022C13290600C67414 /* Release */ = {
			isa = XCBuildConfiguration;
			buildSettings = {
				CODE_SIGN_STYLE = Automatic;
				DEVELOPMENT_TEAM = D6H3TKX72M;
				ENABLE_HARDENED_RUNTIME = YES;
				PRODUCT_NAME = "$(TARGET_NAME)";
				SWIFT_VERSION = 5.0;
			};
			name = Release;
		};
		9D3E48622B388388002A3037 /* Debug */ = {
			isa = XCBuildConfiguration;
			buildSettings = {
				CODE_SIGN_STYLE = Automatic;
				DEVELOPMENT_TEAM = D6H3TKX72M;
				ENABLE_HARDENED_RUNTIME = YES;
				PRODUCT_NAME = "$(TARGET_NAME)";
				SWIFT_VERSION = 5.0;
			};
			name = Debug;
		};
		9D3E48632B388388002A3037 /* Release */ = {
			isa = XCBuildConfiguration;
			buildSettings = {
				CODE_SIGN_STYLE = Automatic;
				DEVELOPMENT_TEAM = D6H3TKX72M;
				ENABLE_HARDENED_RUNTIME = YES;
				PRODUCT_NAME = "$(TARGET_NAME)";
				SWIFT_VERSION = 5.0;
			};
			name = Release;
		};
		9DB3ED782C13E52D00C9A8BD /* Debug */ = {
			isa = XCBuildConfiguration;
			buildSettings = {
				CODE_SIGN_STYLE = Automatic;
				DEVELOPMENT_TEAM = D6H3TKX72M;
				ENABLE_HARDENED_RUNTIME = YES;
				PRODUCT_NAME = "$(TARGET_NAME)";
				SWIFT_VERSION = 5.0;
			};
			name = Debug;
		};
		9DB3ED792C13E52D00C9A8BD /* Release */ = {
			isa = XCBuildConfiguration;
			buildSettings = {
				CODE_SIGN_STYLE = Automatic;
				DEVELOPMENT_TEAM = D6H3TKX72M;
				ENABLE_HARDENED_RUNTIME = YES;
				PRODUCT_NAME = "$(TARGET_NAME)";
				SWIFT_VERSION = 5.0;
			};
			name = Release;
		};
		9DC0B0E52B1CA20A00761575 /* Debug */ = {
			isa = XCBuildConfiguration;
			buildSettings = {
				CODE_SIGN_STYLE = Automatic;
				DEVELOPMENT_TEAM = D6H3TKX72M;
				ENABLE_HARDENED_RUNTIME = YES;
				PRODUCT_NAME = "$(TARGET_NAME)";
				SWIFT_VERSION = 5.0;
			};
			name = Debug;
		};
		9DC0B0E62B1CA20A00761575 /* Release */ = {
			isa = XCBuildConfiguration;
			buildSettings = {
				CODE_SIGN_STYLE = Automatic;
				DEVELOPMENT_TEAM = D6H3TKX72M;
				ENABLE_HARDENED_RUNTIME = YES;
				PRODUCT_NAME = "$(TARGET_NAME)";
				SWIFT_VERSION = 5.0;
			};
			name = Release;
		};
		9DC0B0EF2B1F41AD00761575 /* Debug */ = {
			isa = XCBuildConfiguration;
			buildSettings = {
				CODE_SIGN_STYLE = Automatic;
				DEVELOPMENT_TEAM = D6H3TKX72M;
				ENABLE_HARDENED_RUNTIME = YES;
				PRODUCT_NAME = "$(TARGET_NAME)";
				SWIFT_VERSION = 5.0;
			};
			name = Debug;
		};
		9DC0B0F02B1F41AD00761575 /* Release */ = {
			isa = XCBuildConfiguration;
			buildSettings = {
				CODE_SIGN_STYLE = Automatic;
				DEVELOPMENT_TEAM = D6H3TKX72M;
				ENABLE_HARDENED_RUNTIME = YES;
				PRODUCT_NAME = "$(TARGET_NAME)";
				SWIFT_VERSION = 5.0;
			};
			name = Release;
		};
		9DC0B0FB2B1F528D00761575 /* Debug */ = {
			isa = XCBuildConfiguration;
			buildSettings = {
				CODE_SIGN_STYLE = Automatic;
				DEVELOPMENT_TEAM = D6H3TKX72M;
				ENABLE_HARDENED_RUNTIME = YES;
				PRODUCT_NAME = "$(TARGET_NAME)";
				SWIFT_VERSION = 5.0;
			};
			name = Debug;
		};
		9DC0B0FC2B1F528D00761575 /* Release */ = {
			isa = XCBuildConfiguration;
			buildSettings = {
				CODE_SIGN_STYLE = Automatic;
				DEVELOPMENT_TEAM = D6H3TKX72M;
				ENABLE_HARDENED_RUNTIME = YES;
				PRODUCT_NAME = "$(TARGET_NAME)";
				SWIFT_VERSION = 5.0;
			};
			name = Release;
		};
		9DC0B1052B209F8200761575 /* Debug */ = {
			isa = XCBuildConfiguration;
			buildSettings = {
				CODE_SIGN_STYLE = Automatic;
				DEVELOPMENT_TEAM = D6H3TKX72M;
				ENABLE_HARDENED_RUNTIME = YES;
				PRODUCT_NAME = "$(TARGET_NAME)";
				SWIFT_VERSION = 5.0;
			};
			name = Debug;
		};
		9DC0B1062B209F8200761575 /* Release */ = {
			isa = XCBuildConfiguration;
			buildSettings = {
				CODE_SIGN_STYLE = Automatic;
				DEVELOPMENT_TEAM = D6H3TKX72M;
				ENABLE_HARDENED_RUNTIME = YES;
				PRODUCT_NAME = "$(TARGET_NAME)";
				SWIFT_VERSION = 5.0;
			};
			name = Release;
		};
		9DD4EBF12B162D52009C4CBC /* Debug */ = {
			isa = XCBuildConfiguration;
			buildSettings = {
				ALWAYS_SEARCH_USER_PATHS = NO;
				ASSETCATALOG_COMPILER_GENERATE_SWIFT_ASSET_SYMBOL_EXTENSIONS = YES;
				CLANG_ANALYZER_NONNULL = YES;
				CLANG_ANALYZER_NUMBER_OBJECT_CONVERSION = YES_AGGRESSIVE;
				CLANG_CXX_LANGUAGE_STANDARD = "gnu++20";
				CLANG_ENABLE_MODULES = YES;
				CLANG_ENABLE_OBJC_ARC = YES;
				CLANG_ENABLE_OBJC_WEAK = YES;
				CLANG_WARN_BLOCK_CAPTURE_AUTORELEASING = YES;
				CLANG_WARN_BOOL_CONVERSION = YES;
				CLANG_WARN_COMMA = YES;
				CLANG_WARN_CONSTANT_CONVERSION = YES;
				CLANG_WARN_DEPRECATED_OBJC_IMPLEMENTATIONS = YES;
				CLANG_WARN_DIRECT_OBJC_ISA_USAGE = YES_ERROR;
				CLANG_WARN_DOCUMENTATION_COMMENTS = YES;
				CLANG_WARN_EMPTY_BODY = YES;
				CLANG_WARN_ENUM_CONVERSION = YES;
				CLANG_WARN_INFINITE_RECURSION = YES;
				CLANG_WARN_INT_CONVERSION = YES;
				CLANG_WARN_NON_LITERAL_NULL_CONVERSION = YES;
				CLANG_WARN_OBJC_IMPLICIT_RETAIN_SELF = YES;
				CLANG_WARN_OBJC_LITERAL_CONVERSION = YES;
				CLANG_WARN_OBJC_ROOT_CLASS = YES_ERROR;
				CLANG_WARN_QUOTED_INCLUDE_IN_FRAMEWORK_HEADER = YES;
				CLANG_WARN_RANGE_LOOP_ANALYSIS = YES;
				CLANG_WARN_STRICT_PROTOTYPES = YES;
				CLANG_WARN_SUSPICIOUS_MOVE = YES;
				CLANG_WARN_UNGUARDED_AVAILABILITY = YES_AGGRESSIVE;
				CLANG_WARN_UNREACHABLE_CODE = YES;
				CLANG_WARN__DUPLICATE_METHOD_MATCH = YES;
				COPY_PHASE_STRIP = NO;
				DEBUG_INFORMATION_FORMAT = dwarf;
				ENABLE_STRICT_OBJC_MSGSEND = YES;
				ENABLE_TESTABILITY = YES;
				ENABLE_USER_SCRIPT_SANDBOXING = YES;
				GCC_C_LANGUAGE_STANDARD = gnu17;
				GCC_DYNAMIC_NO_PIC = NO;
				GCC_NO_COMMON_BLOCKS = YES;
				GCC_OPTIMIZATION_LEVEL = 0;
				GCC_PREPROCESSOR_DEFINITIONS = (
					"DEBUG=1",
					"$(inherited)",
				);
				GCC_WARN_64_TO_32_BIT_CONVERSION = YES;
				GCC_WARN_ABOUT_RETURN_TYPE = YES_ERROR;
				GCC_WARN_UNDECLARED_SELECTOR = YES;
				GCC_WARN_UNINITIALIZED_AUTOS = YES_AGGRESSIVE;
				GCC_WARN_UNUSED_FUNCTION = YES;
				GCC_WARN_UNUSED_VARIABLE = YES;
				LOCALIZATION_PREFERS_STRING_CATALOGS = YES;
				MACOSX_DEPLOYMENT_TARGET = 14.0;
				MTL_ENABLE_DEBUG_INFO = INCLUDE_SOURCE;
				MTL_FAST_MATH = YES;
				ONLY_ACTIVE_ARCH = YES;
				SDKROOT = macosx;
				SWIFT_ACTIVE_COMPILATION_CONDITIONS = "DEBUG $(inherited)";
				SWIFT_OPTIMIZATION_LEVEL = "-Onone";
			};
			name = Debug;
		};
		9DD4EBF22B162D52009C4CBC /* Release */ = {
			isa = XCBuildConfiguration;
			buildSettings = {
				ALWAYS_SEARCH_USER_PATHS = NO;
				ASSETCATALOG_COMPILER_GENERATE_SWIFT_ASSET_SYMBOL_EXTENSIONS = YES;
				CLANG_ANALYZER_NONNULL = YES;
				CLANG_ANALYZER_NUMBER_OBJECT_CONVERSION = YES_AGGRESSIVE;
				CLANG_CXX_LANGUAGE_STANDARD = "gnu++20";
				CLANG_ENABLE_MODULES = YES;
				CLANG_ENABLE_OBJC_ARC = YES;
				CLANG_ENABLE_OBJC_WEAK = YES;
				CLANG_WARN_BLOCK_CAPTURE_AUTORELEASING = YES;
				CLANG_WARN_BOOL_CONVERSION = YES;
				CLANG_WARN_COMMA = YES;
				CLANG_WARN_CONSTANT_CONVERSION = YES;
				CLANG_WARN_DEPRECATED_OBJC_IMPLEMENTATIONS = YES;
				CLANG_WARN_DIRECT_OBJC_ISA_USAGE = YES_ERROR;
				CLANG_WARN_DOCUMENTATION_COMMENTS = YES;
				CLANG_WARN_EMPTY_BODY = YES;
				CLANG_WARN_ENUM_CONVERSION = YES;
				CLANG_WARN_INFINITE_RECURSION = YES;
				CLANG_WARN_INT_CONVERSION = YES;
				CLANG_WARN_NON_LITERAL_NULL_CONVERSION = YES;
				CLANG_WARN_OBJC_IMPLICIT_RETAIN_SELF = YES;
				CLANG_WARN_OBJC_LITERAL_CONVERSION = YES;
				CLANG_WARN_OBJC_ROOT_CLASS = YES_ERROR;
				CLANG_WARN_QUOTED_INCLUDE_IN_FRAMEWORK_HEADER = YES;
				CLANG_WARN_RANGE_LOOP_ANALYSIS = YES;
				CLANG_WARN_STRICT_PROTOTYPES = YES;
				CLANG_WARN_SUSPICIOUS_MOVE = YES;
				CLANG_WARN_UNGUARDED_AVAILABILITY = YES_AGGRESSIVE;
				CLANG_WARN_UNREACHABLE_CODE = YES;
				CLANG_WARN__DUPLICATE_METHOD_MATCH = YES;
				COPY_PHASE_STRIP = NO;
				DEBUG_INFORMATION_FORMAT = "dwarf-with-dsym";
				ENABLE_NS_ASSERTIONS = NO;
				ENABLE_STRICT_OBJC_MSGSEND = YES;
				ENABLE_USER_SCRIPT_SANDBOXING = YES;
				GCC_C_LANGUAGE_STANDARD = gnu17;
				GCC_NO_COMMON_BLOCKS = YES;
				GCC_WARN_64_TO_32_BIT_CONVERSION = YES;
				GCC_WARN_ABOUT_RETURN_TYPE = YES_ERROR;
				GCC_WARN_UNDECLARED_SELECTOR = YES;
				GCC_WARN_UNINITIALIZED_AUTOS = YES_AGGRESSIVE;
				GCC_WARN_UNUSED_FUNCTION = YES;
				GCC_WARN_UNUSED_VARIABLE = YES;
				LOCALIZATION_PREFERS_STRING_CATALOGS = YES;
				MACOSX_DEPLOYMENT_TARGET = 14.0;
				MTL_ENABLE_DEBUG_INFO = NO;
				MTL_FAST_MATH = YES;
				SDKROOT = macosx;
				SWIFT_COMPILATION_MODE = wholemodule;
			};
			name = Release;
		};
		9DD4EBF42B162D52009C4CBC /* Debug */ = {
			isa = XCBuildConfiguration;
			buildSettings = {
				CODE_SIGN_STYLE = Automatic;
				DEVELOPMENT_TEAM = D6H3TKX72M;
				ENABLE_HARDENED_RUNTIME = YES;
				PRODUCT_NAME = "$(TARGET_NAME)";
				SWIFT_VERSION = 5.0;
			};
			name = Debug;
		};
		9DD4EBF52B162D52009C4CBC /* Release */ = {
			isa = XCBuildConfiguration;
			buildSettings = {
				CODE_SIGN_STYLE = Automatic;
				DEVELOPMENT_TEAM = D6H3TKX72M;
				ENABLE_HARDENED_RUNTIME = YES;
				PRODUCT_NAME = "$(TARGET_NAME)";
				SWIFT_VERSION = 5.0;
			};
			name = Release;
		};
		9DD4EBFF2B162E9A009C4CBC /* Debug */ = {
			isa = XCBuildConfiguration;
			buildSettings = {
				CODE_SIGN_STYLE = Automatic;
				DEVELOPMENT_TEAM = D6H3TKX72M;
				ENABLE_HARDENED_RUNTIME = YES;
				PRODUCT_NAME = "$(TARGET_NAME)";
				SWIFT_VERSION = 5.0;
			};
			name = Debug;
		};
		9DD4EC002B162E9A009C4CBC /* Release */ = {
			isa = XCBuildConfiguration;
			buildSettings = {
				CODE_SIGN_STYLE = Automatic;
				DEVELOPMENT_TEAM = D6H3TKX72M;
				ENABLE_HARDENED_RUNTIME = YES;
				PRODUCT_NAME = "$(TARGET_NAME)";
				SWIFT_VERSION = 5.0;
			};
			name = Release;
		};
		9DEB5B9B2B29EE86004BFA0F /* Debug */ = {
			isa = XCBuildConfiguration;
			buildSettings = {
				CODE_SIGN_STYLE = Automatic;
				DEVELOPMENT_TEAM = D6H3TKX72M;
				ENABLE_HARDENED_RUNTIME = YES;
				PRODUCT_NAME = "$(TARGET_NAME)";
				SWIFT_VERSION = 5.0;
			};
			name = Debug;
		};
		9DEB5B9C2B29EE86004BFA0F /* Release */ = {
			isa = XCBuildConfiguration;
			buildSettings = {
				CODE_SIGN_STYLE = Automatic;
				DEVELOPMENT_TEAM = D6H3TKX72M;
				ENABLE_HARDENED_RUNTIME = YES;
				PRODUCT_NAME = "$(TARGET_NAME)";
				SWIFT_VERSION = 5.0;
			};
			name = Release;
		};
		9DF135552B25F5F20023E0A0 /* Debug */ = {
			isa = XCBuildConfiguration;
			buildSettings = {
				CODE_SIGN_STYLE = Automatic;
				DEVELOPMENT_TEAM = D6H3TKX72M;
				ENABLE_HARDENED_RUNTIME = YES;
				PRODUCT_NAME = "$(TARGET_NAME)";
				SWIFT_VERSION = 5.0;
			};
			name = Debug;
		};
		9DF135562B25F5F20023E0A0 /* Release */ = {
			isa = XCBuildConfiguration;
			buildSettings = {
				CODE_SIGN_STYLE = Automatic;
				DEVELOPMENT_TEAM = D6H3TKX72M;
				ENABLE_HARDENED_RUNTIME = YES;
				PRODUCT_NAME = "$(TARGET_NAME)";
				SWIFT_VERSION = 5.0;
			};
			name = Release;
		};
		9DF135602B2894BC0023E0A0 /* Debug */ = {
			isa = XCBuildConfiguration;
			buildSettings = {
				CODE_SIGN_STYLE = Automatic;
				DEVELOPMENT_TEAM = D6H3TKX72M;
				ENABLE_HARDENED_RUNTIME = YES;
				PRODUCT_NAME = "$(TARGET_NAME)";
				SWIFT_VERSION = 5.0;
			};
			name = Debug;
		};
		9DF135612B2894BC0023E0A0 /* Release */ = {
			isa = XCBuildConfiguration;
			buildSettings = {
				CODE_SIGN_STYLE = Automatic;
				DEVELOPMENT_TEAM = D6H3TKX72M;
				ENABLE_HARDENED_RUNTIME = YES;
				PRODUCT_NAME = "$(TARGET_NAME)";
				SWIFT_VERSION = 5.0;
			};
			name = Release;
		};
		9DFB4E572B29F4D8009A2F42 /* Debug */ = {
			isa = XCBuildConfiguration;
			buildSettings = {
				CODE_SIGN_STYLE = Automatic;
				DEVELOPMENT_TEAM = D6H3TKX72M;
				ENABLE_HARDENED_RUNTIME = YES;
				PRODUCT_NAME = "$(TARGET_NAME)";
				SWIFT_VERSION = 5.0;
			};
			name = Debug;
		};
		9DFB4E582B29F4D8009A2F42 /* Release */ = {
			isa = XCBuildConfiguration;
			buildSettings = {
				CODE_SIGN_STYLE = Automatic;
				DEVELOPMENT_TEAM = D6H3TKX72M;
				ENABLE_HARDENED_RUNTIME = YES;
				PRODUCT_NAME = "$(TARGET_NAME)";
				SWIFT_VERSION = 5.0;
			};
			name = Release;
		};
		9DFB4E622B2B1C31009A2F42 /* Debug */ = {
			isa = XCBuildConfiguration;
			buildSettings = {
				CODE_SIGN_STYLE = Automatic;
				DEVELOPMENT_TEAM = D6H3TKX72M;
				ENABLE_HARDENED_RUNTIME = YES;
				PRODUCT_NAME = "$(TARGET_NAME)";
				SWIFT_VERSION = 5.0;
			};
			name = Debug;
		};
		9DFB4E632B2B1C31009A2F42 /* Release */ = {
			isa = XCBuildConfiguration;
			buildSettings = {
				CODE_SIGN_STYLE = Automatic;
				DEVELOPMENT_TEAM = D6H3TKX72M;
				ENABLE_HARDENED_RUNTIME = YES;
				PRODUCT_NAME = "$(TARGET_NAME)";
				SWIFT_VERSION = 5.0;
			};
			name = Release;
		};
		9DFDCC3C2B307BC900367230 /* Debug */ = {
			isa = XCBuildConfiguration;
			buildSettings = {
				CODE_SIGN_STYLE = Automatic;
				DEVELOPMENT_TEAM = D6H3TKX72M;
				ENABLE_HARDENED_RUNTIME = YES;
				PRODUCT_NAME = "$(TARGET_NAME)";
				SWIFT_VERSION = 5.0;
			};
			name = Debug;
		};
		9DFDCC3D2B307BC900367230 /* Release */ = {
			isa = XCBuildConfiguration;
			buildSettings = {
				CODE_SIGN_STYLE = Automatic;
				DEVELOPMENT_TEAM = D6H3TKX72M;
				ENABLE_HARDENED_RUNTIME = YES;
				PRODUCT_NAME = "$(TARGET_NAME)";
				SWIFT_VERSION = 5.0;
			};
			name = Release;
		};
		9DFDCC482B307F6500367230 /* Debug */ = {
			isa = XCBuildConfiguration;
			buildSettings = {
				CODE_SIGN_STYLE = Automatic;
				DEVELOPMENT_TEAM = D6H3TKX72M;
				ENABLE_HARDENED_RUNTIME = YES;
				PRODUCT_NAME = "$(TARGET_NAME)";
				SWIFT_VERSION = 5.0;
			};
			name = Debug;
		};
		9DFDCC492B307F6500367230 /* Release */ = {
			isa = XCBuildConfiguration;
			buildSettings = {
				CODE_SIGN_STYLE = Automatic;
				DEVELOPMENT_TEAM = D6H3TKX72M;
				ENABLE_HARDENED_RUNTIME = YES;
				PRODUCT_NAME = "$(TARGET_NAME)";
				SWIFT_VERSION = 5.0;
			};
			name = Release;
		};
/* End XCBuildConfiguration section */

/* Begin XCConfigurationList section */
		9D2733002C13290600C67414 /* Build configuration list for PBXNativeTarget "no21921" */ = {
			isa = XCConfigurationList;
			buildConfigurations = (
				9D2733012C13290600C67414 /* Debug */,
				9D2733022C13290600C67414 /* Release */,
			);
			defaultConfigurationIsVisible = 0;
			defaultConfigurationName = Release;
		};
		9D3E48642B388388002A3037 /* Build configuration list for PBXNativeTarget "no10211" */ = {
			isa = XCConfigurationList;
			buildConfigurations = (
				9D3E48622B388388002A3037 /* Debug */,
				9D3E48632B388388002A3037 /* Release */,
			);
			defaultConfigurationIsVisible = 0;
			defaultConfigurationName = Release;
		};
		9DB3ED7A2C13E52D00C9A8BD /* Build configuration list for PBXNativeTarget "no17425" */ = {
			isa = XCConfigurationList;
			buildConfigurations = (
				9DB3ED782C13E52D00C9A8BD /* Debug */,
				9DB3ED792C13E52D00C9A8BD /* Release */,
			);
			defaultConfigurationIsVisible = 0;
			defaultConfigurationName = Release;
		};
		9DC0B0E42B1CA20A00761575 /* Build configuration list for PBXNativeTarget "no11660" */ = {
			isa = XCConfigurationList;
			buildConfigurations = (
				9DC0B0E52B1CA20A00761575 /* Debug */,
				9DC0B0E62B1CA20A00761575 /* Release */,
			);
			defaultConfigurationIsVisible = 0;
			defaultConfigurationName = Release;
		};
		9DC0B0F12B1F41AD00761575 /* Build configuration list for PBXNativeTarget "no2003" */ = {
			isa = XCConfigurationList;
			buildConfigurations = (
				9DC0B0EF2B1F41AD00761575 /* Debug */,
				9DC0B0F02B1F41AD00761575 /* Release */,
			);
			defaultConfigurationIsVisible = 0;
			defaultConfigurationName = Release;
		};
		9DC0B0FA2B1F528D00761575 /* Build configuration list for PBXNativeTarget "no2559" */ = {
			isa = XCConfigurationList;
			buildConfigurations = (
				9DC0B0FB2B1F528D00761575 /* Debug */,
				9DC0B0FC2B1F528D00761575 /* Release */,
			);
			defaultConfigurationIsVisible = 0;
			defaultConfigurationName = Release;
		};
		9DC0B1072B209F8200761575 /* Build configuration list for PBXNativeTarget "no1806" */ = {
			isa = XCConfigurationList;
			buildConfigurations = (
				9DC0B1052B209F8200761575 /* Debug */,
				9DC0B1062B209F8200761575 /* Release */,
			);
			defaultConfigurationIsVisible = 0;
			defaultConfigurationName = Release;
		};
		9DD4EBE72B162D52009C4CBC /* Build configuration list for PBXProject "baekjoon" */ = {
			isa = XCConfigurationList;
			buildConfigurations = (
				9DD4EBF12B162D52009C4CBC /* Debug */,
				9DD4EBF22B162D52009C4CBC /* Release */,
			);
			defaultConfigurationIsVisible = 0;
			defaultConfigurationName = Release;
		};
		9DD4EBF32B162D52009C4CBC /* Build configuration list for PBXNativeTarget "baekjoon" */ = {
			isa = XCConfigurationList;
			buildConfigurations = (
				9DD4EBF42B162D52009C4CBC /* Debug */,
				9DD4EBF52B162D52009C4CBC /* Release */,
			);
			defaultConfigurationIsVisible = 0;
			defaultConfigurationName = Release;
		};
		9DD4EBFE2B162E9A009C4CBC /* Build configuration list for PBXNativeTarget "readLineMethods" */ = {
			isa = XCConfigurationList;
			buildConfigurations = (
				9DD4EBFF2B162E9A009C4CBC /* Debug */,
				9DD4EC002B162E9A009C4CBC /* Release */,
			);
			defaultConfigurationIsVisible = 0;
			defaultConfigurationName = Release;
		};
		9DEB5B9D2B29EE86004BFA0F /* Build configuration list for PBXNativeTarget "no2851" */ = {
			isa = XCConfigurationList;
			buildConfigurations = (
				9DEB5B9B2B29EE86004BFA0F /* Debug */,
				9DEB5B9C2B29EE86004BFA0F /* Release */,
			);
			defaultConfigurationIsVisible = 0;
			defaultConfigurationName = Release;
		};
		9DF135572B25F5F20023E0A0 /* Build configuration list for PBXNativeTarget "no2167" */ = {
			isa = XCConfigurationList;
			buildConfigurations = (
				9DF135552B25F5F20023E0A0 /* Debug */,
				9DF135562B25F5F20023E0A0 /* Release */,
			);
			defaultConfigurationIsVisible = 0;
			defaultConfigurationName = Release;
		};
		9DF135622B2894BC0023E0A0 /* Build configuration list for PBXNativeTarget "no10986" */ = {
			isa = XCConfigurationList;
			buildConfigurations = (
				9DF135602B2894BC0023E0A0 /* Debug */,
				9DF135612B2894BC0023E0A0 /* Release */,
			);
			defaultConfigurationIsVisible = 0;
			defaultConfigurationName = Release;
		};
		9DFB4E592B29F4D8009A2F42 /* Build configuration list for PBXNativeTarget "no2143" */ = {
			isa = XCConfigurationList;
			buildConfigurations = (
				9DFB4E572B29F4D8009A2F42 /* Debug */,
				9DFB4E582B29F4D8009A2F42 /* Release */,
			);
			defaultConfigurationIsVisible = 0;
			defaultConfigurationName = Release;
		};
		9DFB4E642B2B1C31009A2F42 /* Build configuration list for PBXNativeTarget "no3020" */ = {
			isa = XCConfigurationList;
			buildConfigurations = (
				9DFB4E622B2B1C31009A2F42 /* Debug */,
				9DFB4E632B2B1C31009A2F42 /* Release */,
			);
			defaultConfigurationIsVisible = 0;
			defaultConfigurationName = Release;
		};
		9DFDCC3E2B307BC900367230 /* Build configuration list for PBXNativeTarget "no11441" */ = {
			isa = XCConfigurationList;
			buildConfigurations = (
				9DFDCC3C2B307BC900367230 /* Debug */,
				9DFDCC3D2B307BC900367230 /* Release */,
			);
			defaultConfigurationIsVisible = 0;
			defaultConfigurationName = Release;
		};
		9DFDCC472B307F6500367230 /* Build configuration list for PBXNativeTarget "no16139" */ = {
			isa = XCConfigurationList;
			buildConfigurations = (
				9DFDCC482B307F6500367230 /* Debug */,
				9DFDCC492B307F6500367230 /* Release */,
			);
			defaultConfigurationIsVisible = 0;
			defaultConfigurationName = Release;
		};
/* End XCConfigurationList section */
	};
	rootObject = 9DD4EBE42B162D52009C4CBC /* Project object */;
}
